
Microsoft Visual Studio Solution File, Format Version 12.00
# Visual Studio Version 17
VisualStudioVersion = 17.10.35122.118
MinimumVisualStudioVersion = 10.0.40219.1
Project("{9A19103F-16F7-4668-BE54-9A1E7A4F7556}") = "AdapterPattern", "AdapterPattern\AdapterPattern.csproj", "{8BF655B2-45D3-43CD-B0F7-CBAE4DAC411C}"
EndProject
Project("{9A19103F-16F7-4668-BE54-9A1E7A4F7556}") = "ExternalFunction", "ExternalFunction\ExternalFunction.csproj", "{10F5C134-D9F3-474E-8225-A7C90678F144}"
EndProject
Global
	GlobalSection(SolutionConfigurationPlatforms) = preSolution
		Debug|Any CPU = Debug|Any CPU
		Debug|x64 = Debug|x64
		Release|Any CPU = Release|Any CPU
		Release|x64 = Release|x64
	EndGlobalSection
	GlobalSection(ProjectConfigurationPlatforms) = postSolution
		{8BF655B2-45D3-43CD-B0F7-CBAE4DAC411C}.Debug|Any CPU.ActiveCfg = Debug|Any CPU
		{8BF655B2-45D3-43CD-B0F7-CBAE4DAC411C}.Debug|Any CPU.Build.0 = Debug|Any CPU
		{8BF655B2-45D3-43CD-B0F7-CBAE4DAC411C}.Debug|x64.ActiveCfg = Debug|x64
		{8BF655B2-45D3-43CD-B0F7-CBAE4DAC411C}.Debug|x64.Build.0 = Debug|x64
		{8BF655B2-45D3-43CD-B0F7-CBAE4DAC411C}.Release|Any CPU.ActiveCfg = Release|Any CPU
		{8BF655B2-45D3-43CD-B0F7-CBAE4DAC411C}.Release|Any CPU.Build.0 = Release|Any CPU
		{8BF655B2-45D3-43CD-B0F7-CBAE4DAC411C}.Release|x64.ActiveCfg = Release|x64
		{8BF655B2-45D3-43CD-B0F7-CBAE4DAC411C}.Release|x64.Build.0 = Release|x64
		{10F5C134-D9F3-474E-8225-A7C90678F144}.Debug|Any CPU.ActiveCfg = Debug|Any CPU
		{10F5C134-D9F3-474E-8225-A7C90678F144}.Debug|Any CPU.Build.0 = Debug|Any CPU
		{10F5C134-D9F3-474E-8225-A7C90678F144}.Debug|x64.ActiveCfg = Debug|x64
		{10F5C134-D9F3-474E-8225-A7C90678F144}.Debug|x64.Build.0 = Debug|x64
		{10F5C134-D9F3-474E-8225-A7C90678F144}.Release|Any CPU.ActiveCfg = Release|Any CPU
		{10F5C134-D9F3-474E-8225-A7C90678F144}.Release|Any CPU.Build.0 = Release|Any CPU
		{10F5C134-D9F3-474E-8225-A7C90678F144}.Release|x64.ActiveCfg = Release|Any CPU
		{10F5C134-D9F3-474E-8225-A7C90678F144}.Release|x64.Build.0 = Release|Any CPU
	EndGlobalSection
	GlobalSection(SolutionProperties) = preSolution
		HideSolutionNode = FALSE
	EndGlobalSection
	GlobalSection(ExtensibilityGlobals) = postSolution
		SolutionGuid = {59FCF1F9-9F50-4473-9D5A-9FC2C66A54FF}
	EndGlobalSection
EndGlobal
